schema: '2.0'
stages:
  load_data:
    cmd: python src/load_data.py --config "params.yaml"
    deps:
    - path: data/data_given/Test.csv
      md5: 807e3139b3e6513aabdf250141b540d1
      size: 517606
    - path: data/data_given/Train.csv
      md5: 04e9bb013180f42edaa17c26730e017f
      size: 931198
    - path: src/get_data.py
      md5: db8394eaa2b7630e722d6cecb9bfd6f2
      size: 1470
    - path: src/load_data.py
      md5: 5b22d339b407aebc7fdfc4c159ebd6bf
      size: 992
    outs:
    - path: data/raw/raw_test.csv
      md5: 1b30de7628c114967074a0848d5f8347
      size: 506245
    - path: data/raw/raw_train.csv
      md5: 0cb498e827fd316c2e90749cb26cb145
      size: 912874
